
Microsoft Visual Studio Solution File, Format Version 12.00
# Visual Studio Version 17
VisualStudioVersion = 17.5.33424.131
MinimumVisualStudioVersion = 10.0.40219.1
Project("{8BC9CEB8-8B4A-11D0-8D11-00A0C91BC942}") = "OpenGL_Project", "OpenGL_Project\OpenGL_Project.vcxproj", "{8219CA1B-BEB6-4AD0-BFED-5137A1566198}"
EndProject
Global
	GlobalSection(SolutionConfigurationPlatforms) = preSolution
		Debug|x64 = Debug|x64
		Debug|x86 = Debug|x86
		Release|x64 = Release|x64
		Release|x86 = Release|x86
	EndGlobalSection
	GlobalSection(ProjectConfigurationPlatforms) = postSolution
		{8219CA1B-BEB6-4AD0-BFED-5137A1566198}.Debug|x64.ActiveCfg = Debug|x64
		{8219CA1B-BEB6-4AD0-BFED-5137A1566198}.Debug|x64.Build.0 = Debug|x64
		{8219CA1B-BEB6-4AD0-BFED-5137A1566198}.Debug|x86.ActiveCfg = Debug|Win32
		{8219CA1B-BEB6-4AD0-BFED-5137A1566198}.Debug|x86.Build.0 = Debug|Win32
		{8219CA1B-BEB6-4AD0-BFED-5137A1566198}.Release|x64.ActiveCfg = Release|x64
		{8219CA1B-BEB6-4AD0-BFED-5137A1566198}.Release|x64.Build.0 = Release|x64
		{8219CA1B-BEB6-4AD0-BFED-5137A1566198}.Release|x86.ActiveCfg = Release|Win32
		{8219CA1B-BEB6-4AD0-BFED-5137A1566198}.Release|x86.Build.0 = Release|Win32
	EndGlobalSection
	GlobalSection(SolutionProperties) = preSolution
		HideSolutionNode = FALSE
	EndGlobalSection
	GlobalSection(ExtensibilityGlobals) = postSolution
		SolutionGuid = {B4FB40A4-579B-42EB-8108-56111296E977}
	EndGlobalSection
EndGlobal
